
Microsoft Visual Studio Solution File, Format Version 9.00
# Visual Studio 2005
Project("{E24C65DC-7377-472B-9ABA-BC803B73C61A}") = "F:\Tourism\", ".", "{5BD04EC9-3912-4B34-9F0C-8383DD53B009}"
	ProjectSection(WebsiteProperties) = preProject
		Debug.AspNetCompiler.VirtualPath = "/Tourism"
		Debug.AspNetCompiler.PhysicalPath = "F:\Tourism\"
		Debug.AspNetCompiler.TargetPath = "PrecompiledWeb\Tourism\"
		Debug.AspNetCompiler.Updateable = "true"
		Debug.AspNetCompiler.ForceOverwrite = "true"
		Debug.AspNetCompiler.FixedNames = "false"
		Debug.AspNetCompiler.Debug = "True"
		Release.AspNetCompiler.VirtualPath = "/Tourism"
		Release.AspNetCompiler.PhysicalPath = "F:\Tourism\"
		Release.AspNetCompiler.TargetPath = "PrecompiledWeb\Tourism\"
		Release.AspNetCompiler.Updateable = "true"
		Release.AspNetCompiler.ForceOverwrite = "true"
		Release.AspNetCompiler.FixedNames = "false"
		Release.AspNetCompiler.Debug = "False"
		VWDPort = "1261"
	EndProjectSection
EndProject
Global
	GlobalSection(SolutionConfigurationPlatforms) = preSolution
		Debug|.NET = Debug|.NET
	EndGlobalSection
	GlobalSection(ProjectConfigurationPlatforms) = postSolution
		{5BD04EC9-3912-4B34-9F0C-8383DD53B009}.Debug|.NET.ActiveCfg = Debug|.NET
		{5BD04EC9-3912-4B34-9F0C-8383DD53B009}.Debug|.NET.Build.0 = Debug|.NET
	EndGlobalSection
	GlobalSection(SolutionProperties) = preSolution
		HideSolutionNode = FALSE
	EndGlobalSection
EndGlobal
